
Microsoft Visual Studio Solution File, Format Version 12.00
# Visual Studio Version 17
VisualStudioVersion = 17.6.33815.320
MinimumVisualStudioVersion = 10.0.40219.1
Project("{FAE04EC0-301F-11D3-BF4B-00C04F79EFBC}") = "test_na_skorepechatinie", "test_na_skorepechatinie\test_na_skorepechatinie.csproj", "{9E51F97C-A6B9-466C-8546-5EA59B9430A3}"
EndProject
Global
	GlobalSection(SolutionConfigurationPlatforms) = preSolution
		Debug|Any CPU = Debug|Any CPU
		Release|Any CPU = Release|Any CPU
	EndGlobalSection
	GlobalSection(ProjectConfigurationPlatforms) = postSolution
		{9E51F97C-A6B9-466C-8546-5EA59B9430A3}.Debug|Any CPU.ActiveCfg = Debug|Any CPU
		{9E51F97C-A6B9-466C-8546-5EA59B9430A3}.Debug|Any CPU.Build.0 = Debug|Any CPU
		{9E51F97C-A6B9-466C-8546-5EA59B9430A3}.Release|Any CPU.ActiveCfg = Release|Any CPU
		{9E51F97C-A6B9-466C-8546-5EA59B9430A3}.Release|Any CPU.Build.0 = Release|Any CPU
	EndGlobalSection
	GlobalSection(SolutionProperties) = preSolution
		HideSolutionNode = FALSE
	EndGlobalSection
	GlobalSection(ExtensibilityGlobals) = postSolution
		SolutionGuid = {528FFB42-15BA-447D-97FE-984C11518F58}
	EndGlobalSection
EndGlobal
